
Microsoft Visual Studio Solution File, Format Version 12.00
# Visual Studio Version 17
VisualStudioVersion = 17.4.33103.184
MinimumVisualStudioVersion = 10.0.40219.1
Project("{9A19103F-16F7-4668-BE54-9A1E7A4F7556}") = "ConfortCode", "ConfortCode\ConfortCode.csproj", "{81A283AC-7C74-459A-8A89-483607075C68}"
EndProject
Project("{9A19103F-16F7-4668-BE54-9A1E7A4F7556}") = "DataLayer", "DataLayer\DataLayer.csproj", "{929EC96D-6FEF-4DB3-837E-EE67EA4058D4}"
EndProject
Project("{9A19103F-16F7-4668-BE54-9A1E7A4F7556}") = "ComfortHealthCare.Presentation", "ComfortHealthCare.Presentation\ComfortHealthCare.Presentation.csproj", "{103A073F-3C22-4C95-88C8-7A11453A5A9B}"
EndProject
Project("{9A19103F-16F7-4668-BE54-9A1E7A4F7556}") = "ComfortHealthCare.API", "ComfortHealthCare.API\ComfortHealthCare.API.csproj", "{1DA128C9-9DEE-444B-923F-00D10AE9D469}"
EndProject
Project("{9A19103F-16F7-4668-BE54-9A1E7A4F7556}") = "APIClient", "APIClient\APIClient.csproj", "{6E255E52-7962-49FF-B321-676F3163B80E}"
EndProject
Project("{9A19103F-16F7-4668-BE54-9A1E7A4F7556}") = "HappytoHelp", "HappytoHelp\HappytoHelp.csproj", "{699F5720-9021-4CA6-852A-22EC2F6F2FD2}"
EndProject
Project("{9A19103F-16F7-4668-BE54-9A1E7A4F7556}") = "xml_curd_form", "xml_curd_form\xml_curd_form.csproj", "{F51BE23E-4B5A-4CEA-8EBF-81E22757959B}"
EndProject
Global
	GlobalSection(SolutionConfigurationPlatforms) = preSolution
		Debug|Any CPU = Debug|Any CPU
		Release|Any CPU = Release|Any CPU
	EndGlobalSection
	GlobalSection(ProjectConfigurationPlatforms) = postSolution
		{81A283AC-7C74-459A-8A89-483607075C68}.Debug|Any CPU.ActiveCfg = Debug|Any CPU
		{81A283AC-7C74-459A-8A89-483607075C68}.Debug|Any CPU.Build.0 = Debug|Any CPU
		{81A283AC-7C74-459A-8A89-483607075C68}.Release|Any CPU.ActiveCfg = Release|Any CPU
		{81A283AC-7C74-459A-8A89-483607075C68}.Release|Any CPU.Build.0 = Release|Any CPU
		{929EC96D-6FEF-4DB3-837E-EE67EA4058D4}.Debug|Any CPU.ActiveCfg = Debug|Any CPU
		{929EC96D-6FEF-4DB3-837E-EE67EA4058D4}.Debug|Any CPU.Build.0 = Debug|Any CPU
		{929EC96D-6FEF-4DB3-837E-EE67EA4058D4}.Release|Any CPU.ActiveCfg = Release|Any CPU
		{929EC96D-6FEF-4DB3-837E-EE67EA4058D4}.Release|Any CPU.Build.0 = Release|Any CPU
		{103A073F-3C22-4C95-88C8-7A11453A5A9B}.Debug|Any CPU.ActiveCfg = Debug|Any CPU
		{103A073F-3C22-4C95-88C8-7A11453A5A9B}.Debug|Any CPU.Build.0 = Debug|Any CPU
		{103A073F-3C22-4C95-88C8-7A11453A5A9B}.Release|Any CPU.ActiveCfg = Release|Any CPU
		{103A073F-3C22-4C95-88C8-7A11453A5A9B}.Release|Any CPU.Build.0 = Release|Any CPU
		{1DA128C9-9DEE-444B-923F-00D10AE9D469}.Debug|Any CPU.ActiveCfg = Debug|Any CPU
		{1DA128C9-9DEE-444B-923F-00D10AE9D469}.Debug|Any CPU.Build.0 = Debug|Any CPU
		{1DA128C9-9DEE-444B-923F-00D10AE9D469}.Release|Any CPU.ActiveCfg = Release|Any CPU
		{1DA128C9-9DEE-444B-923F-00D10AE9D469}.Release|Any CPU.Build.0 = Release|Any CPU
		{6E255E52-7962-49FF-B321-676F3163B80E}.Debug|Any CPU.ActiveCfg = Debug|Any CPU
		{6E255E52-7962-49FF-B321-676F3163B80E}.Debug|Any CPU.Build.0 = Debug|Any CPU
		{6E255E52-7962-49FF-B321-676F3163B80E}.Release|Any CPU.ActiveCfg = Release|Any CPU
		{6E255E52-7962-49FF-B321-676F3163B80E}.Release|Any CPU.Build.0 = Release|Any CPU
		{699F5720-9021-4CA6-852A-22EC2F6F2FD2}.Debug|Any CPU.ActiveCfg = Debug|Any CPU
		{699F5720-9021-4CA6-852A-22EC2F6F2FD2}.Debug|Any CPU.Build.0 = Debug|Any CPU
		{699F5720-9021-4CA6-852A-22EC2F6F2FD2}.Release|Any CPU.ActiveCfg = Release|Any CPU
		{699F5720-9021-4CA6-852A-22EC2F6F2FD2}.Release|Any CPU.Build.0 = Release|Any CPU
		{F51BE23E-4B5A-4CEA-8EBF-81E22757959B}.Debug|Any CPU.ActiveCfg = Debug|Any CPU
		{F51BE23E-4B5A-4CEA-8EBF-81E22757959B}.Debug|Any CPU.Build.0 = Debug|Any CPU
		{F51BE23E-4B5A-4CEA-8EBF-81E22757959B}.Release|Any CPU.ActiveCfg = Release|Any CPU
		{F51BE23E-4B5A-4CEA-8EBF-81E22757959B}.Release|Any CPU.Build.0 = Release|Any CPU
	EndGlobalSection
	GlobalSection(SolutionProperties) = preSolution
		HideSolutionNode = FALSE
	EndGlobalSection
	GlobalSection(ExtensibilityGlobals) = postSolution
		SolutionGuid = {CB41EAF4-986C-4941-9F30-D03C29EF380E}
	EndGlobalSection
EndGlobal
